// !$*UTF8*$!
{
	archiveVersion = 1;
	classes = {
	};
	objectVersion = 46;
	objects = {

/* Begin PBXBuildFile section */
		0BA2B12F18ADD74C00677340 /* Foundation.framework in Frameworks */ = {isa = PBXBuildFile; fileRef = 0BA2B12E18ADD74C00677340 /* Foundation.framework */; };
		0BA2B13118ADD74C00677340 /* CoreGraphics.framework in Frameworks */ = {isa = PBXBuildFile; fileRef = 0BA2B13018ADD74C00677340 /* CoreGraphics.framework */; };
		0BA2B13318ADD74C00677340 /* UIKit.framework in Frameworks */ = {isa = PBXBuildFile; fileRef = 0BA2B13218ADD74C00677340 /* UIKit.framework */; };
		0BA2B13918ADD74C00677340 /* InfoPlist.strings in Resources */ = {isa = PBXBuildFile; fileRef = 0BA2B13718ADD74C00677340 /* InfoPlist.strings */; };
		0BA2B13B18ADD74C00677340 /* main.m in Sources */ = {isa = PBXBuildFile; fileRef = 0BA2B13A18ADD74C00677340 /* main.m */; };
		0BA2B13F18ADD74C00677340 /* AppDelegate.m in Sources */ = {isa = PBXBuildFile; fileRef = 0BA2B13E18ADD74C00677340 /* AppDelegate.m */; };
		0BA2B14218ADD74C00677340 /* Main.storyboard in Resources */ = {isa = PBXBuildFile; fileRef = 0BA2B14018ADD74C00677340 /* Main.storyboard */; };
		0BA2B14718ADD74C00677340 /* Images.xcassets in Resources */ = {isa = PBXBuildFile; fileRef = 0BA2B14618ADD74C00677340 /* Images.xcassets */; };
		0BA2B14E18ADD74C00677340 /* XCTest.framework in Frameworks */ = {isa = PBXBuildFile; fileRef = 0BA2B14D18ADD74C00677340 /* XCTest.framework */; };
		0BA2B14F18ADD74C00677340 /* Foundation.framework in Frameworks */ = {isa = PBXBuildFile; fileRef = 0BA2B12E18ADD74C00677340 /* Foundation.framework */; };
		0BA2B15018ADD74C00677340 /* UIKit.framework in Frameworks */ = {isa = PBXBuildFile; fileRef = 0BA2B13218ADD74C00677340 /* UIKit.framework */; };
		0BA2B15818ADD74C00677340 /* InfoPlist.strings in Resources */ = {isa = PBXBuildFile; fileRef = 0BA2B15618ADD74C00677340 /* InfoPlist.strings */; };
		0BA2B15A18ADD74C00677340 /* DuckGeniusTests.m in Sources */ = {isa = PBXBuildFile; fileRef = 0BA2B15918ADD74C00677340 /* DuckGeniusTests.m */; };
		0BA2B16518ADDBC300677340 /* SearchViewController.m in Sources */ = {isa = PBXBuildFile; fileRef = 0BA2B16418ADDBC300677340 /* SearchViewController.m */; };
		0BA2B16818ADDBDF00677340 /* RecentSearchViewController.m in Sources */ = {isa = PBXBuildFile; fileRef = 0BA2B16718ADDBDF00677340 /* RecentSearchViewController.m */; };
		0BA2B1B218ADE52100677340 /* TopicCell.m in Sources */ = {isa = PBXBuildFile; fileRef = 0BA2B1B118ADE52100677340 /* TopicCell.m */; };
		0BA2B1B518ADEBBA00677340 /* WebViewController.m in Sources */ = {isa = PBXBuildFile; fileRef = 0BA2B1B418ADEBBA00677340 /* WebViewController.m */; };
/* End PBXBuildFile section */

/* Begin PBXContainerItemProxy section */
		0BA2B15118ADD74C00677340 /* PBXContainerItemProxy */ = {
			isa = PBXContainerItemProxy;
			containerPortal = 0BA2B12318ADD74C00677340 /* Project object */;
			proxyType = 1;
			remoteGlobalIDString = 0BA2B12A18ADD74C00677340;
			remoteInfo = DuckGenius;
		};
/* End PBXContainerItemProxy section */

/* Begin PBXFileReference section */
		0BA2B12B18ADD74C00677340 /* DuckGenius.app */ = {isa = PBXFileReference; explicitFileType = wrapper.application; includeInIndex = 0; path = DuckGenius.app; sourceTree = BUILT_PRODUCTS_DIR; };
		0BA2B12E18ADD74C00677340 /* Foundation.framework */ = {isa = PBXFileReference; lastKnownFileType = wrapper.framework; name = Foundation.framework; path = System/Library/Frameworks/Foundation.framework; sourceTree = SDKROOT; };
		0BA2B13018ADD74C00677340 /* CoreGraphics.framework */ = {isa = PBXFileReference; lastKnownFileType = wrapper.framework; name = CoreGraphics.framework; path = System/Library/Frameworks/CoreGraphics.framework; sourceTree = SDKROOT; };
		0BA2B13218ADD74C00677340 /* UIKit.framework */ = {isa = PBXFileReference; lastKnownFileType = wrapper.framework; name = UIKit.framework; path = System/Library/Frameworks/UIKit.framework; sourceTree = SDKROOT; };
		0BA2B13618ADD74C00677340 /* DuckGenius-Info.plist */ = {isa = PBXFileReference; lastKnownFileType = text.plist.xml; path = "DuckGenius-Info.plist"; sourceTree = "<group>"; };
		0BA2B13818ADD74C00677340 /* en */ = {isa = PBXFileReference; lastKnownFileType = text.plist.strings; name = en; path = en.lproj/InfoPlist.strings; sourceTree = "<group>"; };
		0BA2B13A18ADD74C00677340 /* main.m */ = {isa = PBXFileReference; lastKnownFileType = sourcecode.c.objc; path = main.m; sourceTree = "<group>"; };
		0BA2B13C18ADD74C00677340 /* DuckGenius-Prefix.pch */ = {isa = PBXFileReference; lastKnownFileType = sourcecode.c.h; path = "DuckGenius-Prefix.pch"; sourceTree = "<group>"; };
		0BA2B13D18ADD74C00677340 /* AppDelegate.h */ = {isa = PBXFileReference; lastKnownFileType = sourcecode.c.h; path = AppDelegate.h; sourceTree = "<group>"; };
		0BA2B13E18ADD74C00677340 /* AppDelegate.m */ = {isa = PBXFileReference; lastKnownFileType = sourcecode.c.objc; path = AppDelegate.m; sourceTree = "<group>"; };
		0BA2B14118ADD74C00677340 /* Base */ = {isa = PBXFileReference; lastKnownFileType = file.storyboard; name = Base; path = Base.lproj/Main.storyboard; sourceTree = "<group>"; };
		0BA2B14618ADD74C00677340 /* Images.xcassets */ = {isa = PBXFileReference; lastKnownFileType = folder.assetcatalog; path = Images.xcassets; sourceTree = "<group>"; };
		0BA2B14C18ADD74C00677340 /* DuckGeniusTests.xctest */ = {isa = PBXFileReference; explicitFileType = wrapper.cfbundle; includeInIndex = 0; path = DuckGeniusTests.xctest; sourceTree = BUILT_PRODUCTS_DIR; };
		0BA2B14D18ADD74C00677340 /* XCTest.framework */ = {isa = PBXFileReference; lastKnownFileType = wrapper.framework; name = XCTest.framework; path = Library/Frameworks/XCTest.framework; sourceTree = DEVELOPER_DIR; };
		0BA2B15518ADD74C00677340 /* DuckGeniusTests-Info.plist */ = {isa = PBXFileReference; lastKnownFileType = text.plist.xml; path = "DuckGeniusTests-Info.plist"; sourceTree = "<group>"; };
		0BA2B15718ADD74C00677340 /* en */ = {isa = PBXFileReference; lastKnownFileType = text.plist.strings; name = en; path = en.lproj/InfoPlist.strings; sourceTree = "<group>"; };
		0BA2B15918ADD74C00677340 /* DuckGeniusTests.m */ = {isa = PBXFileReference; lastKnownFileType = sourcecode.c.objc; path = DuckGeniusTests.m; sourceTree = "<group>"; };
		0BA2B16318ADDBC300677340 /* SearchViewController.h */ = {isa = PBXFileReference; fileEncoding = 4; lastKnownFileType = sourcecode.c.h; path = SearchViewController.h; sourceTree = "<group>"; };
		0BA2B16418ADDBC300677340 /* SearchViewController.m */ = {isa = PBXFileReference; fileEncoding = 4; lastKnownFileType = sourcecode.c.objc; path = SearchViewController.m; sourceTree = "<group>"; };
		0BA2B16618ADDBDF00677340 /* RecentSearchViewController.h */ = {isa = PBXFileReference; fileEncoding = 4; lastKnownFileType = sourcecode.c.h; path = RecentSearchViewController.h; sourceTree = "<group>"; };
		0BA2B16718ADDBDF00677340 /* RecentSearchViewController.m */ = {isa = PBXFileReference; fileEncoding = 4; lastKnownFileType = sourcecode.c.objc; path = RecentSearchViewController.m; sourceTree = "<group>"; };
		0BA2B1B018ADE52100677340 /* TopicCell.h */ = {isa = PBXFileReference; fileEncoding = 4; lastKnownFileType = sourcecode.c.h; path = TopicCell.h; sourceTree = "<group>"; };
		0BA2B1B118ADE52100677340 /* TopicCell.m */ = {isa = PBXFileReference; fileEncoding = 4; lastKnownFileType = sourcecode.c.objc; path = TopicCell.m; sourceTree = "<group>"; };
		0BA2B1B318ADEBBA00677340 /* WebViewController.h */ = {isa = PBXFileReference; fileEncoding = 4; lastKnownFileType = sourcecode.c.h; name = WebViewController.h; path = ../WebViewController.h; sourceTree = "<group>"; };
		0BA2B1B418ADEBBA00677340 /* WebViewController.m */ = {isa = PBXFileReference; fileEncoding = 4; lastKnownFileType = sourcecode.c.objc; name = WebViewController.m; path = ../WebViewController.m; sourceTree = "<group>"; };
/* End PBXFileReference section */

/* Begin PBXFrameworksBuildPhase section */
		0BA2B12818ADD74C00677340 /* Frameworks */ = {
			isa = PBXFrameworksBuildPhase;
			buildActionMask = 2147483647;
			files = (
				0BA2B13118ADD74C00677340 /* CoreGraphics.framework in Frameworks */,
				0BA2B13318ADD74C00677340 /* UIKit.framework in Frameworks */,
				0BA2B12F18ADD74C00677340 /* Foundation.framework in Frameworks */,
			);
			runOnlyForDeploymentPostprocessing = 0;
		};
		0BA2B14918ADD74C00677340 /* Frameworks */ = {
			isa = PBXFrameworksBuildPhase;
			buildActionMask = 2147483647;
			files = (
				0BA2B14E18ADD74C00677340 /* XCTest.framework in Frameworks */,
				0BA2B15018ADD74C00677340 /* UIKit.framework in Frameworks */,
				0BA2B14F18ADD74C00677340 /* Foundation.framework in Frameworks */,
			);
			runOnlyForDeploymentPostprocessing = 0;
		};
/* End PBXFrameworksBuildPhase section */

/* Begin PBXGroup section */
		0BA2B12218ADD74C00677340 = {
			isa = PBXGroup;
			children = (
				0BA2B13418ADD74C00677340 /* DuckGenius */,
				0BA2B15318ADD74C00677340 /* DuckGeniusTests */,
				0BA2B12D18ADD74C00677340 /* Frameworks */,
				0BA2B12C18ADD74C00677340 /* Products */,
			);
			sourceTree = "<group>";
		};
		0BA2B12C18ADD74C00677340 /* Products */ = {
			isa = PBXGroup;
			children = (
				0BA2B12B18ADD74C00677340 /* DuckGenius.app */,
				0BA2B14C18ADD74C00677340 /* DuckGeniusTests.xctest */,
			);
			name = Products;
			sourceTree = "<group>";
		};
		0BA2B12D18ADD74C00677340 /* Frameworks */ = {
			isa = PBXGroup;
			children = (
				0BA2B12E18ADD74C00677340 /* Foundation.framework */,
				0BA2B13018ADD74C00677340 /* CoreGraphics.framework */,
				0BA2B13218ADD74C00677340 /* UIKit.framework */,
				0BA2B14D18ADD74C00677340 /* XCTest.framework */,
			);
			name = Frameworks;
			sourceTree = "<group>";
		};
		0BA2B13418ADD74C00677340 /* DuckGenius */ = {
			isa = PBXGroup;
			children = (
				0BA2B13D18ADD74C00677340 /* AppDelegate.h */,
				0BA2B13E18ADD74C00677340 /* AppDelegate.m */,
				0BA2B14018ADD74C00677340 /* Main.storyboard */,
				0BA2B1B018ADE52100677340 /* TopicCell.h */,
				0BA2B1B118ADE52100677340 /* TopicCell.m */,
				0BA2B16318ADDBC300677340 /* SearchViewController.h */,
				0BA2B16418ADDBC300677340 /* SearchViewController.m */,
				0BA2B1B318ADEBBA00677340 /* WebViewController.h */,
				0BA2B1B418ADEBBA00677340 /* WebViewController.m */,
				0BA2B16618ADDBDF00677340 /* RecentSearchViewController.h */,
				0BA2B16718ADDBDF00677340 /* RecentSearchViewController.m */,
				0BA2B14618ADD74C00677340 /* Images.xcassets */,
				0BA2B13518ADD74C00677340 /* Supporting Files */,
			);
			path = DuckGenius;
			sourceTree = "<group>";
		};
		0BA2B13518ADD74C00677340 /* Supporting Files */ = {
			isa = PBXGroup;
			children = (
				0BA2B13618ADD74C00677340 /* DuckGenius-Info.plist */,
				0BA2B13718ADD74C00677340 /* InfoPlist.strings */,
				0BA2B13A18ADD74C00677340 /* main.m */,
				0BA2B13C18ADD74C00677340 /* DuckGenius-Prefix.pch */,
			);
			name = "Supporting Files";
			sourceTree = "<group>";
		};
		0BA2B15318ADD74C00677340 /* DuckGeniusTests */ = {
			isa = PBXGroup;
			children = (
				0BA2B15918ADD74C00677340 /* DuckGeniusTests.m */,
				0BA2B15418ADD74C00677340 /* Supporting Files */,
			);
			path = DuckGeniusTests;
			sourceTree = "<group>";
		};
		0BA2B15418ADD74C00677340 /* Supporting Files */ = {
			isa = PBXGroup;
			children = (
				0BA2B15518ADD74C00677340 /* DuckGeniusTests-Info.plist */,
				0BA2B15618ADD74C00677340 /* InfoPlist.strings */,
			);
			name = "Supporting Files";
			sourceTree = "<group>";
		};
/* End PBXGroup section */

/* Begin PBXNativeTarget section */
		0BA2B12A18ADD74C00677340 /* DuckGenius */ = {
			isa = PBXNativeTarget;
			buildConfigurationList = 0BA2B15D18ADD74C00677340 /* Build configuration list for PBXNativeTarget "DuckGenius" */;
			buildPhases = (
				0BA2B12718ADD74C00677340 /* Sources */,
				0BA2B12818ADD74C00677340 /* Frameworks */,
				0BA2B12918ADD74C00677340 /* Resources */,
			);
			buildRules = (
			);
			dependencies = (
			);
			name = DuckGenius;
			productName = DuckGenius;
			productReference = 0BA2B12B18ADD74C00677340 /* DuckGenius.app */;
			productType = "com.apple.product-type.application";
		};
		0BA2B14B18ADD74C00677340 /* DuckGeniusTests */ = {
			isa = PBXNativeTarget;
			buildConfigurationList = 0BA2B16018ADD74C00677340 /* Build configuration list for PBXNativeTarget "DuckGeniusTests" */;
			buildPhases = (
				0BA2B14818ADD74C00677340 /* Sources */,
				0BA2B14918ADD74C00677340 /* Frameworks */,
				0BA2B14A18ADD74C00677340 /* Resources */,
			);
			buildRules = (
			);
			dependencies = (
				0BA2B15218ADD74C00677340 /* PBXTargetDependency */,
			);
			name = DuckGeniusTests;
			productName = DuckGeniusTests;
			productReference = 0BA2B14C18ADD74C00677340 /* DuckGeniusTests.xctest */;
			productType = "com.apple.product-type.bundle.unit-test";
		};
/* End PBXNativeTarget section */

/* Begin PBXProject section */
		0BA2B12318ADD74C00677340 /* Project object */ = {
			isa = PBXProject;
			attributes = {
				LastUpgradeCheck = 0500;
				ORGANIZATIONNAME = "Stream Wu";
				TargetAttributes = {
					0BA2B14B18ADD74C00677340 = {
						TestTargetID = 0BA2B12A18ADD74C00677340;
					};
				};
			};
			buildConfigurationList = 0BA2B12618ADD74C00677340 /* Build configuration list for PBXProject "DuckGenius" */;
			compatibilityVersion = "Xcode 3.2";
			developmentRegion = English;
			hasScannedForEncodings = 0;
			knownRegions = (
				en,
				Base,
			);
			mainGroup = 0BA2B12218ADD74C00677340;
			productRefGroup = 0BA2B12C18ADD74C00677340 /* Products */;
			projectDirPath = "";
			projectRoot = "";
			targets = (
				0BA2B12A18ADD74C00677340 /* DuckGenius */,
				0BA2B14B18ADD74C00677340 /* DuckGeniusTests */,
			);
		};
/* End PBXProject section */

/* Begin PBXResourcesBuildPhase section */
		0BA2B12918ADD74C00677340 /* Resources */ = {
			isa = PBXResourcesBuildPhase;
			buildActionMask = 2147483647;
			files = (
				0BA2B14718ADD74C00677340 /* Images.xcassets in Resources */,
				0BA2B13918ADD74C00677340 /* InfoPlist.strings in Resources */,
				0BA2B14218ADD74C00677340 /* Main.storyboard in Resources */,
			);
			runOnlyForDeploymentPostprocessing = 0;
		};
		0BA2B14A18ADD74C00677340 /* Resources */ = {
			isa = PBXResourcesBuildPhase;
			buildActionMask = 2147483647;
			files = (
				0BA2B15818ADD74C00677340 /* InfoPlist.strings in Resources */,
			);
			runOnlyForDeploymentPostprocessing = 0;
		};
/* End PBXResourcesBuildPhase section */

/* Begin PBXSourcesBuildPhase section */
		0BA2B12718ADD74C00677340 /* Sources */ = {
			isa = PBXSourcesBuildPhase;
			buildActionMask = 2147483647;
			files = (
				0BA2B16818ADDBDF00677340 /* RecentSearchViewController.m in Sources */,
				0BA2B1B518ADEBBA00677340 /* WebViewController.m in Sources */,
				0BA2B13F18ADD74C00677340 /* AppDelegate.m in Sources */,
				0BA2B16518ADDBC300677340 /* SearchViewController.m in Sources */,
				0BA2B13B18ADD74C00677340 /* main.m in Sources */,
				0BA2B1B218ADE52100677340 /* TopicCell.m in Sources */,
			);
			runOnlyForDeploymentPostprocessing = 0;
		};
		0BA2B14818ADD74C00677340 /* Sources */ = {
			isa = PBXSourcesBuildPhase;
			buildActionMask = 2147483647;
			files = (
				0BA2B15A18ADD74C00677340 /* DuckGeniusTests.m in Sources */,
			);
			runOnlyForDeploymentPostprocessing = 0;
		};
/* End PBXSourcesBuildPhase section */

/* Begin PBXTargetDependency section */
		0BA2B15218ADD74C00677340 /* PBXTargetDependency */ = {
			isa = PBXTargetDependency;
			target = 0BA2B12A18ADD74C00677340 /* DuckGenius */;
			targetProxy = 0BA2B15118ADD74C00677340 /* PBXContainerItemProxy */;
		};
/* End PBXTargetDependency section */

/* Begin PBXVariantGroup section */
		0BA2B13718ADD74C00677340 /* InfoPlist.strings */ = {
			isa = PBXVariantGroup;
			children = (
				0BA2B13818ADD74C00677340 /* en */,
			);
			name = InfoPlist.strings;
			sourceTree = "<group>";
		};
		0BA2B14018ADD74C00677340 /* Main.storyboard */ = {
			isa = PBXVariantGroup;
			children = (
				0BA2B14118ADD74C00677340 /* Base */,
			);
			name = Main.storyboard;
			sourceTree = "<group>";
		};
		0BA2B15618ADD74C00677340 /* InfoPlist.strings */ = {
			isa = PBXVariantGroup;
			children = (
				0BA2B15718ADD74C00677340 /* en */,
			);
			name = InfoPlist.strings;
			sourceTree = "<group>";
		};
/* End PBXVariantGroup section */

/* Begin XCBuildConfiguration section */
		0BA2B15B18ADD74C00677340 /* Debug */ = {
			isa = XCBuildConfiguration;
			buildSettings = {
				ALWAYS_SEARCH_USER_PATHS = NO;
				ARCHS = "$(ARCHS_STANDARD_INCLUDING_64_BIT)";
				CLANG_CXX_LANGUAGE_STANDARD = "gnu++0x";
				CLANG_CXX_LIBRARY = "libc++";
				CLANG_ENABLE_MODULES = YES;
				CLANG_ENABLE_OBJC_ARC = YES;
				CLANG_WARN_BOOL_CONVERSION = YES;
				CLANG_WARN_CONSTANT_CONVERSION = YES;
				CLANG_WARN_DIRECT_OBJC_ISA_USAGE = YES_ERROR;
				CLANG_WARN_EMPTY_BODY = YES;
				CLANG_WARN_ENUM_CONVERSION = YES;
				CLANG_WARN_INT_CONVERSION = YES;
				CLANG_WARN_OBJC_ROOT_CLASS = YES_ERROR;
				CLANG_WARN__DUPLICATE_METHOD_MATCH = YES;
				"CODE_SIGN_IDENTITY[sdk=iphoneos*]" = "iPhone Developer";
				COPY_PHASE_STRIP = NO;
				GCC_C_LANGUAGE_STANDARD = gnu99;
				GCC_DYNAMIC_NO_PIC = NO;
				GCC_OPTIMIZATION_LEVEL = 0;
				GCC_PREPROCESSOR_DEFINITIONS = (
					"DEBUG=1",
					"$(inherited)",
				);
				GCC_SYMBOLS_PRIVATE_EXTERN = NO;
				GCC_WARN_64_TO_32_BIT_CONVERSION = YES;
				GCC_WARN_ABOUT_RETURN_TYPE = YES_ERROR;
				GCC_WARN_UNDECLARED_SELECTOR = YES;
				GCC_WARN_UNINITIALIZED_AUTOS = YES;
				GCC_WARN_UNUSED_FUNCTION = YES;
				GCC_WARN_UNUSED_VARIABLE = YES;
				IPHONEOS_DEPLOYMENT_TARGET = 7.0;
				ONLY_ACTIVE_ARCH = YES;
				SDKROOT = iphoneos;
			};
			name = Debug;
		};
		0BA2B15C18ADD74C00677340 /* Release */ = {
			isa = XCBuildConfiguration;
			buildSettings = {
				ALWAYS_SEARCH_USER_PATHS = NO;
				ARCHS = "$(ARCHS_STANDARD_INCLUDING_64_BIT)";
				CLANG_CXX_LANGUAGE_STANDARD = "gnu++0x";
				CLANG_CXX_LIBRARY = "libc++";
				CLANG_ENABLE_MODULES = YES;
				CLANG_ENABLE_OBJC_ARC = YES;
				CLANG_WARN_BOOL_CONVERSION = YES;
				CLANG_WARN_CONSTANT_CONVERSION = YES;
				CLANG_WARN_DIRECT_OBJC_ISA_USAGE = YES_ERROR;
				CLANG_WARN_EMPTY_BODY = YES;
				CLANG_WARN_ENUM_CONVERSION = YES;
				CLANG_WARN_INT_CONVERSION = YES;
				CLANG_WARN_OBJC_ROOT_CLASS = YES_ERROR;
				CLANG_WARN__DUPLICATE_METHOD_MATCH = YES;
				"CODE_SIGN_IDENTITY[sdk=iphoneos*]" = "iPhone Developer";
				COPY_PHASE_STRIP = YES;
				ENABLE_NS_ASSERTIONS = NO;
				GCC_C_LANGUAGE_STANDARD = gnu99;
				GCC_WARN_64_TO_32_BIT_CONVERSION = YES;
				GCC_WARN_ABOUT_RETURN_TYPE = YES_ERROR;
				GCC_WARN_UNDECLARED_SELECTOR = YES;
				GCC_WARN_UNINITIALIZED_AUTOS = YES;
				GCC_WARN_UNUSED_FUNCTION = YES;
				GCC_WARN_UNUSED_VARIABLE = YES;
				IPHONEOS_DEPLOYMENT_TARGET = 7.0;
				SDKROOT = iphoneos;
				VALIDATE_PRODUCT = YES;
			};
			name = Release;
		};
		0BA2B15E18ADD74C00677340 /* Debug */ = {
			isa = XCBuildConfiguration;
			buildSettings = {
				ASSETCATALOG_COMPILER_APPICON_NAME = AppIcon;
				ASSETCATALOG_COMPILER_LAUNCHIMAGE_NAME = LaunchImage;
				GCC_PRECOMPILE_PREFIX_HEADER = YES;
				GCC_PREFIX_HEADER = "DuckGenius/DuckGenius-Prefix.pch";
				INFOPLIST_FILE = "DuckGenius/DuckGenius-Info.plist";
				PRODUCT_NAME = "$(TARGET_NAME)";
				WRAPPER_EXTENSION = app;
			};
			name = Debug;
		};
		0BA2B15F18ADD74C00677340 /* Release */ = {
			isa = XCBuildConfiguration;
			buildSettings = {
				ASSETCATALOG_COMPILER_APPICON_NAME = AppIcon;
				ASSETCATALOG_COMPILER_LAUNCHIMAGE_NAME = LaunchImage;
				GCC_PRECOMPILE_PREFIX_HEADER = YES;
				GCC_PREFIX_HEADER = "DuckGenius/DuckGenius-Prefix.pch";
				INFOPLIST_FILE = "DuckGenius/DuckGenius-Info.plist";
				PRODUCT_NAME = "$(TARGET_NAME)";
				WRAPPER_EXTENSION = app;
			};
			name = Release;
		};
		0BA2B16118ADD74C00677340 /* Debug */ = {
			isa = XCBuildConfiguration;
			buildSettings = {
				ARCHS = "$(ARCHS_STANDARD_INCLUDING_64_BIT)";
				BUNDLE_LOADER = "$(BUILT_PRODUCTS_DIR)/DuckGenius.app/DuckGenius";
				FRAMEWORK_SEARCH_PATHS = (
					"$(SDKROOT)/Developer/Library/Frameworks",
					"$(inherited)",
					"$(DEVELOPER_FRAMEWORKS_DIR)",
				);
				GCC_PRECOMPILE_PREFIX_HEADER = YES;
				GCC_PREFIX_HEADER = "DuckGenius/DuckGenius-Prefix.pch";
				GCC_PREPROCESSOR_DEFINITIONS = (
					"DEBUG=1",
					"$(inherited)",
				);
				INFOPLIST_FILE = "DuckGeniusTests/DuckGeniusTests-Info.plist";
				PRODUCT_NAME = "$(TARGET_NAME)";
				TEST_HOST = "$(BUNDLE_LOADER)";
				WRAPPER_EXTENSION = xctest;
			};
			name = Debug;
		};
		0BA2B16218ADD74C00677340 /* Release */ = {
			isa = XCBuildConfiguration;
			buildSettings = {
				ARCHS = "$(ARCHS_STANDARD_INCLUDING_64_BIT)";
				BUNDLE_LOADER = "$(BUILT_PRODUCTS_DIR)/DuckGenius.app/DuckGenius";
				FRAMEWORK_SEARCH_PATHS = (
					"$(SDKROOT)/Developer/Library/Frameworks",
					"$(inherited)",
					"$(DEVELOPER_FRAMEWORKS_DIR)",
				);
				GCC_PRECOMPILE_PREFIX_HEADER = YES;
				GCC_PREFIX_HEADER = "DuckGenius/DuckGenius-Prefix.pch";
				INFOPLIST_FILE = "DuckGeniusTests/DuckGeniusTests-Info.plist";
				PRODUCT_NAME = "$(TARGET_NAME)";
				TEST_HOST = "$(BUNDLE_LOADER)";
				WRAPPER_EXTENSION = xctest;
			};
			name = Release;
		};
/* End XCBuildConfiguration section */

/* Begin XCConfigurationList section */
		0BA2B12618ADD74C00677340 /* Build configuration list for PBXProject "DuckGenius" */ = {
			isa = XCConfigurationList;
			buildConfigurations = (
				0BA2B15B18ADD74C00677340 /* Debug */,
				0BA2B15C18ADD74C00677340 /* Release */,
			);
			defaultConfigurationIsVisible = 0;
			defaultConfigurationName = Release;
		};
		0BA2B15D18ADD74C00677340 /* Build configuration list for PBXNativeTarget "DuckGenius" */ = {
			isa = XCConfigurationList;
			buildConfigurations = (
				0BA2B15E18ADD74C00677340 /* Debug */,
				0BA2B15F18ADD74C00677340 /* Release */,
			);
			defaultConfigurationIsVisible = 0;
			defaultConfigurationName = Release;
		};
		0BA2B16018ADD74C00677340 /* Build configuration list for PBXNativeTarget "DuckGeniusTests" */ = {
			isa = XCConfigurationList;
			buildConfigurations = (
				0BA2B16118ADD74C00677340 /* Debug */,
				0BA2B16218ADD74C00677340 /* Release */,
			);
			defaultConfigurationIsVisible = 0;
			defaultConfigurationName = Release;
		};
/* End XCConfigurationList section */
	};
	rootObject = 0BA2B12318ADD74C00677340 /* Project object */;
}
